{
  "name": "feildwire",
  "lockfileVersion": 3,
  "requires": true,
  "packages": {
    "": {
      "dependencies": {
        "@tabler/icons": "^3.44.0",
        "lucide-static": "^1.17.0"
      }
    },
    "node_modules/@tabler/icons": {
      "version": "3.44.0",
      "resolved": "https://registry.npmjs.org/@tabler/icons/-/icons-3.44.0.tgz",
      "integrity": "sha512-Wn0AOZG9sg0L+bjfMqq4eNhC6pQjIrk94LvvWYNYkY8KH8wC3YILRzQlrnVJc4FUeMxH/AK97QsYCX35H3LndA==",
      "license": "MIT",
      "funding": {
        "type": "github",
        "url": "https://github.com/sponsors/codecalm"
      }
    },
    "node_modules/lucide-static": {
      "version": "1.17.0",
      "resolved": "https://registry.npmjs.org/lucide-static/-/lucide-static-1.17.0.tgz",
      "integrity": "sha512-VORJmPqi4DZ5lf4/n2qqcIz1nTKGFReS83DJINcK5nXY7z+4P3G6CW/7SXpzlGllEI0vHKFH24eSM+aMFaK5zw==",
      "license": "ISC"
    }
  }
}
